
Microsoft Visual Studio Solution File, Format Version 10.00
# Visual Studio 2008
Project("{E24C65DC-7377-472B-9ABA-BC803B73C61A}") = "BookStore.NET_17584lines", "..\BookStore.NET_17584lines", "{BF320094-76B5-4A28-AA84-0643626A28B9}"
	ProjectSection(WebsiteProperties) = preProject
		TargetFramework = "3.5"
		Debug.AspNetCompiler.VirtualPath = "/BookStore.NET"
		Debug.AspNetCompiler.PhysicalPath = "..\BookStore.NET_17584lines\"
		Debug.AspNetCompiler.TargetPath = "PrecompiledWeb\BookStore.NET\"
		Debug.AspNetCompiler.Updateable = "true"
		Debug.AspNetCompiler.ForceOverwrite = "true"
		Debug.AspNetCompiler.FixedNames = "false"
		Debug.AspNetCompiler.Debug = "True"
		Release.AspNetCompiler.VirtualPath = "/BookStore.NET"
		Release.AspNetCompiler.PhysicalPath = "..\BookStore.NET_17584lines\"
		Release.AspNetCompiler.TargetPath = "PrecompiledWeb\BookStore.NET\"
		Release.AspNetCompiler.Updateable = "true"
		Release.AspNetCompiler.ForceOverwrite = "true"
		Release.AspNetCompiler.FixedNames = "false"
		Release.AspNetCompiler.Debug = "False"
		VWDPort = "11574"
	EndProjectSection
EndProject
Project("{FAE04EC0-301F-11D3-BF4B-00C04F79EFBC}") = "ClassLibrary1", "..\ClassLibrary1\ClassLibrary1.csproj", "{31529A75-83C7-4D54-BA73-E5C4E7A0DE13}"
EndProject
Global
	GlobalSection(SolutionConfigurationPlatforms) = preSolution
		Debug|.NET = Debug|.NET
		Debug|Any CPU = Debug|Any CPU
		Release|.NET = Release|.NET
		Release|Any CPU = Release|Any CPU
	EndGlobalSection
	GlobalSection(ProjectConfigurationPlatforms) = postSolution
		{BF320094-76B5-4A28-AA84-0643626A28B9}.Debug|.NET.ActiveCfg = Debug|.NET
		{BF320094-76B5-4A28-AA84-0643626A28B9}.Debug|.NET.Build.0 = Debug|.NET
		{BF320094-76B5-4A28-AA84-0643626A28B9}.Debug|Any CPU.ActiveCfg = Debug|Any CPU
		{BF320094-76B5-4A28-AA84-0643626A28B9}.Debug|Any CPU.Build.0 = Debug|Any CPU
		{BF320094-76B5-4A28-AA84-0643626A28B9}.Release|.NET.ActiveCfg = Debug|.NET
		{BF320094-76B5-4A28-AA84-0643626A28B9}.Release|.NET.Build.0 = Debug|.NET
		{BF320094-76B5-4A28-AA84-0643626A28B9}.Release|Any CPU.ActiveCfg = Debug|.NET
		{31529A75-83C7-4D54-BA73-E5C4E7A0DE13}.Debug|.NET.ActiveCfg = Debug|Any CPU
		{31529A75-83C7-4D54-BA73-E5C4E7A0DE13}.Debug|Any CPU.ActiveCfg = Debug|Any CPU
		{31529A75-83C7-4D54-BA73-E5C4E7A0DE13}.Debug|Any CPU.Build.0 = Debug|Any CPU
		{31529A75-83C7-4D54-BA73-E5C4E7A0DE13}.Release|.NET.ActiveCfg = Release|Any CPU
		{31529A75-83C7-4D54-BA73-E5C4E7A0DE13}.Release|Any CPU.ActiveCfg = Release|Any CPU
		{31529A75-83C7-4D54-BA73-E5C4E7A0DE13}.Release|Any CPU.Build.0 = Release|Any CPU
	EndGlobalSection
	GlobalSection(SolutionProperties) = preSolution
		HideSolutionNode = FALSE
	EndGlobalSection
EndGlobal
